
Microsoft Visual Studio Solution File, Format Version 12.00
# Visual Studio 14
VisualStudioVersion = 14.0.24720.0
MinimumVisualStudioVersion = 10.0.40219.1
Project("{FAE04EC0-301F-11D3-BF4B-00C04F79EFBC}") = "Spatialite2GeoJSON", "Spatialite2GeoJSON\Spatialite2GeoJSON.csproj", "{368A51E2-0B49-4495-B189-3C697EF511DF}"
EndProject
Global
	GlobalSection(SolutionConfigurationPlatforms) = preSolution
		Debug|Any CPU = Debug|Any CPU
		Release|Any CPU = Release|Any CPU
	EndGlobalSection
	GlobalSection(ProjectConfigurationPlatforms) = postSolution
		{368A51E2-0B49-4495-B189-3C697EF511DF}.Debug|Any CPU.ActiveCfg = Debug|Any CPU
		{368A51E2-0B49-4495-B189-3C697EF511DF}.Debug|Any CPU.Build.0 = Debug|Any CPU
		{368A51E2-0B49-4495-B189-3C697EF511DF}.Release|Any CPU.ActiveCfg = Release|Any CPU
		{368A51E2-0B49-4495-B189-3C697EF511DF}.Release|Any CPU.Build.0 = Release|Any CPU
	EndGlobalSection
	GlobalSection(SolutionProperties) = preSolution
		HideSolutionNode = FALSE
	EndGlobalSection
EndGlobal
